
Microsoft Visual Studio Solution File, Format Version 12.00
# Visual Studio Version 17
VisualStudioVersion = 17.9.34616.47
MinimumVisualStudioVersion = 10.0.40219.1
Project("{FAE04EC0-301F-11D3-BF4B-00C04F79EFBC}") = "validaCnpj", "validaCnpj\validaCnpj.csproj", "{ABB7FD10-5882-4CA2-A38E-13FC25EF8091}"
EndProject
Global
	GlobalSection(SolutionConfigurationPlatforms) = preSolution
		Debug|Any CPU = Debug|Any CPU
		Release|Any CPU = Release|Any CPU
	EndGlobalSection
	GlobalSection(ProjectConfigurationPlatforms) = postSolution
		{ABB7FD10-5882-4CA2-A38E-13FC25EF8091}.Debug|Any CPU.ActiveCfg = Debug|Any CPU
		{ABB7FD10-5882-4CA2-A38E-13FC25EF8091}.Debug|Any CPU.Build.0 = Debug|Any CPU
		{ABB7FD10-5882-4CA2-A38E-13FC25EF8091}.Release|Any CPU.ActiveCfg = Release|Any CPU
		{ABB7FD10-5882-4CA2-A38E-13FC25EF8091}.Release|Any CPU.Build.0 = Release|Any CPU
	EndGlobalSection
	GlobalSection(SolutionProperties) = preSolution
		HideSolutionNode = FALSE
	EndGlobalSection
	GlobalSection(ExtensibilityGlobals) = postSolution
		SolutionGuid = {2B8515A8-F94D-4CF9-8739-78A44F8E6D0A}
	EndGlobalSection
EndGlobal
